
Microsoft Visual Studio Solution File, Format Version 12.00
# Visual Studio Version 16
VisualStudioVersion = 16.0.30114.105
MinimumVisualStudioVersion = 10.0.40219.1
Project("{9A19103F-16F7-4668-BE54-9A1E7A4F7556}") = "R5T.D0084.I0001", "R5T.D0084.I0001\R5T.D0084.I0001.csproj", "{723DAE1B-49D7-47D4-9EC3-F9C29A262A1D}"
EndProject
Project("{2150E333-8FDC-42A3-9474-1A3956D46DE8}") = "_Dependencies", "_Dependencies", "{91F75CA2-578D-4C39-90D8-1D59878C4812}"
EndProject
Project("{9A19103F-16F7-4668-BE54-9A1E7A4F7556}") = "R5T.D0084.D001.Base", "..\..\R5T.D0084\source\R5T.D0084.D001.Base\R5T.D0084.D001.Base.csproj", "{D87A6EF6-E682-4DA3-A687-C9B25D344123}"
EndProject
Project("{9A19103F-16F7-4668-BE54-9A1E7A4F7556}") = "R5T.D0101.Base", "..\..\R5T.D0101\source\R5T.D0101.Base\R5T.D0101.Base.csproj", "{87623299-7988-48DD-9220-D594B21960B2}"
EndProject
Project("{9A19103F-16F7-4668-BE54-9A1E7A4F7556}") = "R5T.Lombardy.Base", "..\..\R5T.Lombardy.Base\source\R5T.Lombardy.Base\R5T.Lombardy.Base.csproj", "{08173753-B7ED-4D79-B024-173F407AE936}"
EndProject
Project("{9A19103F-16F7-4668-BE54-9A1E7A4F7556}") = "R5T.T0062.X001", "..\..\R5T.T0062\source\R5T.T0062.X001\R5T.T0062.X001.csproj", "{937D6131-A9CF-4449-816D-7162C59C4D5A}"
EndProject
Project("{FAE04EC0-301F-11D3-BF4B-00C04F79EFBC}") = "R5T.T0064", "..\..\R5T.T0064\source\R5T.T0064\R5T.T0064.csproj", "{D9C49B90-9DF1-4B35-BC1B-D8159FE77A99}"
EndProject
Global
	GlobalSection(SolutionConfigurationPlatforms) = preSolution
		Debug|Any CPU = Debug|Any CPU
		Debug|x64 = Debug|x64
		Debug|x86 = Debug|x86
		Release|Any CPU = Release|Any CPU
		Release|x64 = Release|x64
		Release|x86 = Release|x86
	EndGlobalSection
	GlobalSection(ProjectConfigurationPlatforms) = postSolution
		{723DAE1B-49D7-47D4-9EC3-F9C29A262A1D}.Debug|Any CPU.ActiveCfg = Debug|Any CPU
		{723DAE1B-49D7-47D4-9EC3-F9C29A262A1D}.Debug|Any CPU.Build.0 = Debug|Any CPU
		{723DAE1B-49D7-47D4-9EC3-F9C29A262A1D}.Debug|x64.ActiveCfg = Debug|Any CPU
		{723DAE1B-49D7-47D4-9EC3-F9C29A262A1D}.Debug|x64.Build.0 = Debug|Any CPU
		{723DAE1B-49D7-47D4-9EC3-F9C29A262A1D}.Debug|x86.ActiveCfg = Debug|Any CPU
		{723DAE1B-49D7-47D4-9EC3-F9C29A262A1D}.Debug|x86.Build.0 = Debug|Any CPU
		{723DAE1B-49D7-47D4-9EC3-F9C29A262A1D}.Release|Any CPU.ActiveCfg = Release|Any CPU
		{723DAE1B-49D7-47D4-9EC3-F9C29A262A1D}.Release|Any CPU.Build.0 = Release|Any CPU
		{723DAE1B-49D7-47D4-9EC3-F9C29A262A1D}.Release|x64.ActiveCfg = Release|Any CPU
		{723DAE1B-49D7-47D4-9EC3-F9C29A262A1D}.Release|x64.Build.0 = Release|Any CPU
		{723DAE1B-49D7-47D4-9EC3-F9C29A262A1D}.Release|x86.ActiveCfg = Release|Any CPU
		{723DAE1B-49D7-47D4-9EC3-F9C29A262A1D}.Release|x86.Build.0 = Release|Any CPU
		{D87A6EF6-E682-4DA3-A687-C9B25D344123}.Debug|Any CPU.ActiveCfg = Debug|Any CPU
		{D87A6EF6-E682-4DA3-A687-C9B25D344123}.Debug|Any CPU.Build.0 = Debug|Any CPU
		{D87A6EF6-E682-4DA3-A687-C9B25D344123}.Debug|x64.ActiveCfg = Debug|Any CPU
		{D87A6EF6-E682-4DA3-A687-C9B25D344123}.Debug|x64.Build.0 = Debug|Any CPU
		{D87A6EF6-E682-4DA3-A687-C9B25D344123}.Debug|x86.ActiveCfg = Debug|Any CPU
		{D87A6EF6-E682-4DA3-A687-C9B25D344123}.Debug|x86.Build.0 = Debug|Any CPU
		{D87A6EF6-E682-4DA3-A687-C9B25D344123}.Release|Any CPU.ActiveCfg = Release|Any CPU
		{D87A6EF6-E682-4DA3-A687-C9B25D344123}.Release|Any CPU.Build.0 = Release|Any CPU
		{D87A6EF6-E682-4DA3-A687-C9B25D344123}.Release|x64.ActiveCfg = Release|Any CPU
		{D87A6EF6-E682-4DA3-A687-C9B25D344123}.Release|x64.Build.0 = Release|Any CPU
		{D87A6EF6-E682-4DA3-A687-C9B25D344123}.Release|x86.ActiveCfg = Release|Any CPU
		{D87A6EF6-E682-4DA3-A687-C9B25D344123}.Release|x86.Build.0 = Release|Any CPU
		{87623299-7988-48DD-9220-D594B21960B2}.Debug|Any CPU.ActiveCfg = Debug|Any CPU
		{87623299-7988-48DD-9220-D594B21960B2}.Debug|Any CPU.Build.0 = Debug|Any CPU
		{87623299-7988-48DD-9220-D594B21960B2}.Debug|x64.ActiveCfg = Debug|Any CPU
		{87623299-7988-48DD-9220-D594B21960B2}.Debug|x64.Build.0 = Debug|Any CPU
		{87623299-7988-48DD-9220-D594B21960B2}.Debug|x86.ActiveCfg = Debug|Any CPU
		{87623299-7988-48DD-9220-D594B21960B2}.Debug|x86.Build.0 = Debug|Any CPU
		{87623299-7988-48DD-9220-D594B21960B2}.Release|Any CPU.ActiveCfg = Release|Any CPU
		{87623299-7988-48DD-9220-D594B21960B2}.Release|Any CPU.Build.0 = Release|Any CPU
		{87623299-7988-48DD-9220-D594B21960B2}.Release|x64.ActiveCfg = Release|Any CPU
		{87623299-7988-48DD-9220-D594B21960B2}.Release|x64.Build.0 = Release|Any CPU
		{87623299-7988-48DD-9220-D594B21960B2}.Release|x86.ActiveCfg = Release|Any CPU
		{87623299-7988-48DD-9220-D594B21960B2}.Release|x86.Build.0 = Release|Any CPU
		{08173753-B7ED-4D79-B024-173F407AE936}.Debug|Any CPU.ActiveCfg = Debug|Any CPU
		{08173753-B7ED-4D79-B024-173F407AE936}.Debug|Any CPU.Build.0 = Debug|Any CPU
		{08173753-B7ED-4D79-B024-173F407AE936}.Debug|x64.ActiveCfg = Debug|Any CPU
		{08173753-B7ED-4D79-B024-173F407AE936}.Debug|x64.Build.0 = Debug|Any CPU
		{08173753-B7ED-4D79-B024-173F407AE936}.Debug|x86.ActiveCfg = Debug|Any CPU
		{08173753-B7ED-4D79-B024-173F407AE936}.Debug|x86.Build.0 = Debug|Any CPU
		{08173753-B7ED-4D79-B024-173F407AE936}.Release|Any CPU.ActiveCfg = Release|Any CPU
		{08173753-B7ED-4D79-B024-173F407AE936}.Release|Any CPU.Build.0 = Release|Any CPU
		{08173753-B7ED-4D79-B024-173F407AE936}.Release|x64.ActiveCfg = Release|Any CPU
		{08173753-B7ED-4D79-B024-173F407AE936}.Release|x64.Build.0 = Release|Any CPU
		{08173753-B7ED-4D79-B024-173F407AE936}.Release|x86.ActiveCfg = Release|Any CPU
		{08173753-B7ED-4D79-B024-173F407AE936}.Release|x86.Build.0 = Release|Any CPU
		{937D6131-A9CF-4449-816D-7162C59C4D5A}.Debug|Any CPU.ActiveCfg = Debug|Any CPU
		{937D6131-A9CF-4449-816D-7162C59C4D5A}.Debug|Any CPU.Build.0 = Debug|Any CPU
		{937D6131-A9CF-4449-816D-7162C59C4D5A}.Debug|x64.ActiveCfg = Debug|Any CPU
		{937D6131-A9CF-4449-816D-7162C59C4D5A}.Debug|x64.Build.0 = Debug|Any CPU
		{937D6131-A9CF-4449-816D-7162C59C4D5A}.Debug|x86.ActiveCfg = Debug|Any CPU
		{937D6131-A9CF-4449-816D-7162C59C4D5A}.Debug|x86.Build.0 = Debug|Any CPU
		{937D6131-A9CF-4449-816D-7162C59C4D5A}.Release|Any CPU.ActiveCfg = Release|Any CPU
		{937D6131-A9CF-4449-816D-7162C59C4D5A}.Release|Any CPU.Build.0 = Release|Any CPU
		{937D6131-A9CF-4449-816D-7162C59C4D5A}.Release|x64.ActiveCfg = Release|Any CPU
		{937D6131-A9CF-4449-816D-7162C59C4D5A}.Release|x64.Build.0 = Release|Any CPU
		{937D6131-A9CF-4449-816D-7162C59C4D5A}.Release|x86.ActiveCfg = Release|Any CPU
		{937D6131-A9CF-4449-816D-7162C59C4D5A}.Release|x86.Build.0 = Release|Any CPU
		{D9C49B90-9DF1-4B35-BC1B-D8159FE77A99}.Debug|Any CPU.ActiveCfg = Debug|Any CPU
		{D9C49B90-9DF1-4B35-BC1B-D8159FE77A99}.Debug|Any CPU.Build.0 = Debug|Any CPU
		{D9C49B90-9DF1-4B35-BC1B-D8159FE77A99}.Debug|x64.ActiveCfg = Debug|Any CPU
		{D9C49B90-9DF1-4B35-BC1B-D8159FE77A99}.Debug|x64.Build.0 = Debug|Any CPU
		{D9C49B90-9DF1-4B35-BC1B-D8159FE77A99}.Debug|x86.ActiveCfg = Debug|Any CPU
		{D9C49B90-9DF1-4B35-BC1B-D8159FE77A99}.Debug|x86.Build.0 = Debug|Any CPU
		{D9C49B90-9DF1-4B35-BC1B-D8159FE77A99}.Release|Any CPU.ActiveCfg = Release|Any CPU
		{D9C49B90-9DF1-4B35-BC1B-D8159FE77A99}.Release|Any CPU.Build.0 = Release|Any CPU
		{D9C49B90-9DF1-4B35-BC1B-D8159FE77A99}.Release|x64.ActiveCfg = Release|Any CPU
		{D9C49B90-9DF1-4B35-BC1B-D8159FE77A99}.Release|x64.Build.0 = Release|Any CPU
		{D9C49B90-9DF1-4B35-BC1B-D8159FE77A99}.Release|x86.ActiveCfg = Release|Any CPU
		{D9C49B90-9DF1-4B35-BC1B-D8159FE77A99}.Release|x86.Build.0 = Release|Any CPU
	EndGlobalSection
	GlobalSection(SolutionProperties) = preSolution
		HideSolutionNode = FALSE
	EndGlobalSection
	GlobalSection(NestedProjects) = preSolution
		{D87A6EF6-E682-4DA3-A687-C9B25D344123} = {91F75CA2-578D-4C39-90D8-1D59878C4812}
		{87623299-7988-48DD-9220-D594B21960B2} = {91F75CA2-578D-4C39-90D8-1D59878C4812}
		{08173753-B7ED-4D79-B024-173F407AE936} = {91F75CA2-578D-4C39-90D8-1D59878C4812}
		{937D6131-A9CF-4449-816D-7162C59C4D5A} = {91F75CA2-578D-4C39-90D8-1D59878C4812}
		{D9C49B90-9DF1-4B35-BC1B-D8159FE77A99} = {91F75CA2-578D-4C39-90D8-1D59878C4812}
	EndGlobalSection
	GlobalSection(ExtensibilityGlobals) = postSolution
		SolutionGuid = {D3CB1031-94A2-49E7-B0FF-946A716ED124}
	EndGlobalSection
EndGlobal
