
Microsoft Visual Studio Solution File, Format Version 12.00
# Visual Studio Version 17
VisualStudioVersion = 17.2.32630.192
MinimumVisualStudioVersion = 10.0.40219.1
Project("{FAE04EC0-301F-11D3-BF4B-00C04F79EFBC}") = "R5T.D0084.I0001.Construction", "R5T.D0084.I0001.Construction\R5T.D0084.I0001.Construction.csproj", "{A5411AB6-939A-4564-B674-758365F30A8C}"
EndProject
Project("{FAE04EC0-301F-11D3-BF4B-00C04F79EFBC}") = "R5T.D0084.I0001", "R5T.D0084.I0001\R5T.D0084.I0001.csproj", "{78A4BCD2-2FFF-407A-8B9E-B69A259F0392}"
EndProject
Project("{2150E333-8FDC-42A3-9474-1A3956D46DE8}") = "_Dependencies", "_Dependencies", "{E5FF98F3-0DD3-4160-B733-DCA08589DBC3}"
EndProject
Project("{FAE04EC0-301F-11D3-BF4B-00C04F79EFBC}") = "R5T.T0064", "..\..\R5T.T0064\source\R5T.T0064\R5T.T0064.csproj", "{3948BE68-7C11-4D2B-81A5-BC243DB8DF68}"
EndProject
Project("{9A19103F-16F7-4668-BE54-9A1E7A4F7556}") = "R5T.D0084.D001.Base", "..\..\R5T.D0084\source\R5T.D0084.D001.Base\R5T.D0084.D001.Base.csproj", "{1EB93766-212E-448D-AAA1-73CA1020E2ED}"
EndProject
Project("{9A19103F-16F7-4668-BE54-9A1E7A4F7556}") = "R5T.D0101.Base", "..\..\R5T.D0101\source\R5T.D0101.Base\R5T.D0101.Base.csproj", "{74DBE8EE-7A0E-471E-A3CA-34DAA9D9CE12}"
EndProject
Project("{9A19103F-16F7-4668-BE54-9A1E7A4F7556}") = "R5T.L0013", "..\..\R5T.L0013\source\R5T.L0013\R5T.L0013.csproj", "{BF4A5315-CC71-4E50-8173-25DA3714E016}"
EndProject
Project("{9A19103F-16F7-4668-BE54-9A1E7A4F7556}") = "R5T.Lombardy.Base", "..\..\R5T.Lombardy.Base\source\R5T.Lombardy.Base\R5T.Lombardy.Base.csproj", "{28545D80-851C-4962-95FE-6B60D83ADA3F}"
EndProject
Project("{9A19103F-16F7-4668-BE54-9A1E7A4F7556}") = "R5T.Magyar", "..\..\R5T.Magyar\source\R5T.Magyar\R5T.Magyar.csproj", "{65C3BF5A-F3F2-4A66-8D25-A10FE605232E}"
EndProject
Project("{9A19103F-16F7-4668-BE54-9A1E7A4F7556}") = "R5T.T0039.T002", "..\..\R5T.T0039\source\R5T.T0039.T002\R5T.T0039.T002.csproj", "{58468625-A5A4-44F3-92FB-C79C708543DE}"
EndProject
Project("{9A19103F-16F7-4668-BE54-9A1E7A4F7556}") = "R5T.T0062.X001", "..\..\R5T.T0062\source\R5T.T0062.X001\R5T.T0062.X001.csproj", "{7A23CBF2-85AA-498C-8989-4C37F582F031}"
EndProject
Project("{9A19103F-16F7-4668-BE54-9A1E7A4F7556}") = "R5T.T0062", "..\..\R5T.T0062\source\R5T.T0062\R5T.T0062.csproj", "{07884E3A-8F63-43DC-B1B8-C23794C794A9}"
EndProject
Project("{9A19103F-16F7-4668-BE54-9A1E7A4F7556}") = "R5T.T0063", "..\..\R5T.T0063\source\R5T.T0063\R5T.T0063.csproj", "{F28ADD32-8C90-42E1-B425-07F0D0238412}"
EndProject
Project("{9A19103F-16F7-4668-BE54-9A1E7A4F7556}") = "R5T.T0092", "..\..\R5T.T0092\source\R5T.T0092\R5T.T0092.csproj", "{A3CA3815-9365-4277-8472-45CC071FAD5C}"
EndProject
Project("{9A19103F-16F7-4668-BE54-9A1E7A4F7556}") = "R5T.T0093", "..\..\R5T.T0093\source\R5T.T0093\R5T.T0093.csproj", "{6353B6EE-1963-46DE-8471-BF5DA346C069}"
EndProject
Project("{9A19103F-16F7-4668-BE54-9A1E7A4F7556}") = "R5T.T0094", "..\..\R5T.T0094\source\R5T.T0094\R5T.T0094.csproj", "{6852E262-C2D5-4353-9A1B-235D30E23A5E}"
EndProject
Project("{9A19103F-16F7-4668-BE54-9A1E7A4F7556}") = "R5T.T0096.X001", "..\..\R5T.T0096\source\R5T.T0096.X001\R5T.T0096.X001.csproj", "{13F40170-BFEB-456C-A698-0AF4BA05AA3C}"
EndProject
Project("{9A19103F-16F7-4668-BE54-9A1E7A4F7556}") = "R5T.T0096", "..\..\R5T.T0096\source\R5T.T0096\R5T.T0096.csproj", "{551DA852-56C7-4CC4-86D6-872B168897CD}"
EndProject
Project("{9A19103F-16F7-4668-BE54-9A1E7A4F7556}") = "R5T.T0097", "..\..\R5T.T0097\source\R5T.T0097\R5T.T0097.csproj", "{12FA7F5B-0932-474C-9DD9-37BF7217C792}"
EndProject
Project("{9A19103F-16F7-4668-BE54-9A1E7A4F7556}") = "R5T.T0143", "..\..\R5T.T0143\source\R5T.T0143\R5T.T0143.csproj", "{F1C4DAD0-BFD3-4884-A5D2-737B880540C9}"
EndProject
Global
	GlobalSection(NestedProjects) = preSolution
		{3948BE68-7C11-4D2B-81A5-BC243DB8DF68} = {E5FF98F3-0DD3-4160-B733-DCA08589DBC3}
		{1EB93766-212E-448D-AAA1-73CA1020E2ED} = {E5FF98F3-0DD3-4160-B733-DCA08589DBC3}
		{74DBE8EE-7A0E-471E-A3CA-34DAA9D9CE12} = {E5FF98F3-0DD3-4160-B733-DCA08589DBC3}
		{BF4A5315-CC71-4E50-8173-25DA3714E016} = {E5FF98F3-0DD3-4160-B733-DCA08589DBC3}
		{28545D80-851C-4962-95FE-6B60D83ADA3F} = {E5FF98F3-0DD3-4160-B733-DCA08589DBC3}
		{65C3BF5A-F3F2-4A66-8D25-A10FE605232E} = {E5FF98F3-0DD3-4160-B733-DCA08589DBC3}
		{58468625-A5A4-44F3-92FB-C79C708543DE} = {E5FF98F3-0DD3-4160-B733-DCA08589DBC3}
		{7A23CBF2-85AA-498C-8989-4C37F582F031} = {E5FF98F3-0DD3-4160-B733-DCA08589DBC3}
		{07884E3A-8F63-43DC-B1B8-C23794C794A9} = {E5FF98F3-0DD3-4160-B733-DCA08589DBC3}
		{F28ADD32-8C90-42E1-B425-07F0D0238412} = {E5FF98F3-0DD3-4160-B733-DCA08589DBC3}
		{A3CA3815-9365-4277-8472-45CC071FAD5C} = {E5FF98F3-0DD3-4160-B733-DCA08589DBC3}
		{6353B6EE-1963-46DE-8471-BF5DA346C069} = {E5FF98F3-0DD3-4160-B733-DCA08589DBC3}
		{6852E262-C2D5-4353-9A1B-235D30E23A5E} = {E5FF98F3-0DD3-4160-B733-DCA08589DBC3}
		{13F40170-BFEB-456C-A698-0AF4BA05AA3C} = {E5FF98F3-0DD3-4160-B733-DCA08589DBC3}
		{551DA852-56C7-4CC4-86D6-872B168897CD} = {E5FF98F3-0DD3-4160-B733-DCA08589DBC3}
		{12FA7F5B-0932-474C-9DD9-37BF7217C792} = {E5FF98F3-0DD3-4160-B733-DCA08589DBC3}
		{F1C4DAD0-BFD3-4884-A5D2-737B880540C9} = {E5FF98F3-0DD3-4160-B733-DCA08589DBC3}
	EndGlobalSection
	GlobalSection(SolutionConfigurationPlatforms) = preSolution
		Debug|Any CPU = Debug|Any CPU
		Debug|x64 = Debug|x64
		Debug|x86 = Debug|x86
		Release|Any CPU = Release|Any CPU
		Release|x64 = Release|x64
		Release|x86 = Release|x86
	EndGlobalSection
	GlobalSection(ProjectConfigurationPlatforms) = postSolution
		{A5411AB6-939A-4564-B674-758365F30A8C}.Debug|Any CPU.ActiveCfg = Debug|Any CPU
		{A5411AB6-939A-4564-B674-758365F30A8C}.Debug|Any CPU.Build.0 = Debug|Any CPU
		{A5411AB6-939A-4564-B674-758365F30A8C}.Debug|x64.ActiveCfg = Debug|Any CPU
		{A5411AB6-939A-4564-B674-758365F30A8C}.Debug|x64.Build.0 = Debug|Any CPU
		{A5411AB6-939A-4564-B674-758365F30A8C}.Debug|x86.ActiveCfg = Debug|Any CPU
		{A5411AB6-939A-4564-B674-758365F30A8C}.Debug|x86.Build.0 = Debug|Any CPU
		{A5411AB6-939A-4564-B674-758365F30A8C}.Release|Any CPU.ActiveCfg = Release|Any CPU
		{A5411AB6-939A-4564-B674-758365F30A8C}.Release|Any CPU.Build.0 = Release|Any CPU
		{A5411AB6-939A-4564-B674-758365F30A8C}.Release|x64.ActiveCfg = Release|Any CPU
		{A5411AB6-939A-4564-B674-758365F30A8C}.Release|x64.Build.0 = Release|Any CPU
		{A5411AB6-939A-4564-B674-758365F30A8C}.Release|x86.ActiveCfg = Release|Any CPU
		{A5411AB6-939A-4564-B674-758365F30A8C}.Release|x86.Build.0 = Release|Any CPU
		{78A4BCD2-2FFF-407A-8B9E-B69A259F0392}.Debug|Any CPU.ActiveCfg = Debug|Any CPU
		{78A4BCD2-2FFF-407A-8B9E-B69A259F0392}.Debug|Any CPU.Build.0 = Debug|Any CPU
		{78A4BCD2-2FFF-407A-8B9E-B69A259F0392}.Debug|x64.ActiveCfg = Debug|Any CPU
		{78A4BCD2-2FFF-407A-8B9E-B69A259F0392}.Debug|x64.Build.0 = Debug|Any CPU
		{78A4BCD2-2FFF-407A-8B9E-B69A259F0392}.Debug|x86.ActiveCfg = Debug|Any CPU
		{78A4BCD2-2FFF-407A-8B9E-B69A259F0392}.Debug|x86.Build.0 = Debug|Any CPU
		{78A4BCD2-2FFF-407A-8B9E-B69A259F0392}.Release|Any CPU.ActiveCfg = Release|Any CPU
		{78A4BCD2-2FFF-407A-8B9E-B69A259F0392}.Release|Any CPU.Build.0 = Release|Any CPU
		{78A4BCD2-2FFF-407A-8B9E-B69A259F0392}.Release|x64.ActiveCfg = Release|Any CPU
		{78A4BCD2-2FFF-407A-8B9E-B69A259F0392}.Release|x64.Build.0 = Release|Any CPU
		{78A4BCD2-2FFF-407A-8B9E-B69A259F0392}.Release|x86.ActiveCfg = Release|Any CPU
		{78A4BCD2-2FFF-407A-8B9E-B69A259F0392}.Release|x86.Build.0 = Release|Any CPU
		{3948BE68-7C11-4D2B-81A5-BC243DB8DF68}.Debug|Any CPU.ActiveCfg = Debug|Any CPU
		{3948BE68-7C11-4D2B-81A5-BC243DB8DF68}.Debug|Any CPU.Build.0 = Debug|Any CPU
		{3948BE68-7C11-4D2B-81A5-BC243DB8DF68}.Debug|x64.ActiveCfg = Debug|Any CPU
		{3948BE68-7C11-4D2B-81A5-BC243DB8DF68}.Debug|x64.Build.0 = Debug|Any CPU
		{3948BE68-7C11-4D2B-81A5-BC243DB8DF68}.Debug|x86.ActiveCfg = Debug|Any CPU
		{3948BE68-7C11-4D2B-81A5-BC243DB8DF68}.Debug|x86.Build.0 = Debug|Any CPU
		{3948BE68-7C11-4D2B-81A5-BC243DB8DF68}.Release|Any CPU.ActiveCfg = Release|Any CPU
		{3948BE68-7C11-4D2B-81A5-BC243DB8DF68}.Release|Any CPU.Build.0 = Release|Any CPU
		{3948BE68-7C11-4D2B-81A5-BC243DB8DF68}.Release|x64.ActiveCfg = Release|Any CPU
		{3948BE68-7C11-4D2B-81A5-BC243DB8DF68}.Release|x64.Build.0 = Release|Any CPU
		{3948BE68-7C11-4D2B-81A5-BC243DB8DF68}.Release|x86.ActiveCfg = Release|Any CPU
		{3948BE68-7C11-4D2B-81A5-BC243DB8DF68}.Release|x86.Build.0 = Release|Any CPU
		{1EB93766-212E-448D-AAA1-73CA1020E2ED}.Debug|Any CPU.ActiveCfg = Debug|Any CPU
		{1EB93766-212E-448D-AAA1-73CA1020E2ED}.Debug|Any CPU.Build.0 = Debug|Any CPU
		{1EB93766-212E-448D-AAA1-73CA1020E2ED}.Debug|x64.ActiveCfg = Debug|Any CPU
		{1EB93766-212E-448D-AAA1-73CA1020E2ED}.Debug|x64.Build.0 = Debug|Any CPU
		{1EB93766-212E-448D-AAA1-73CA1020E2ED}.Debug|x86.ActiveCfg = Debug|Any CPU
		{1EB93766-212E-448D-AAA1-73CA1020E2ED}.Debug|x86.Build.0 = Debug|Any CPU
		{1EB93766-212E-448D-AAA1-73CA1020E2ED}.Release|Any CPU.ActiveCfg = Release|Any CPU
		{1EB93766-212E-448D-AAA1-73CA1020E2ED}.Release|Any CPU.Build.0 = Release|Any CPU
		{1EB93766-212E-448D-AAA1-73CA1020E2ED}.Release|x64.ActiveCfg = Release|Any CPU
		{1EB93766-212E-448D-AAA1-73CA1020E2ED}.Release|x64.Build.0 = Release|Any CPU
		{1EB93766-212E-448D-AAA1-73CA1020E2ED}.Release|x86.ActiveCfg = Release|Any CPU
		{1EB93766-212E-448D-AAA1-73CA1020E2ED}.Release|x86.Build.0 = Release|Any CPU
		{74DBE8EE-7A0E-471E-A3CA-34DAA9D9CE12}.Debug|Any CPU.ActiveCfg = Debug|Any CPU
		{74DBE8EE-7A0E-471E-A3CA-34DAA9D9CE12}.Debug|Any CPU.Build.0 = Debug|Any CPU
		{74DBE8EE-7A0E-471E-A3CA-34DAA9D9CE12}.Debug|x64.ActiveCfg = Debug|Any CPU
		{74DBE8EE-7A0E-471E-A3CA-34DAA9D9CE12}.Debug|x64.Build.0 = Debug|Any CPU
		{74DBE8EE-7A0E-471E-A3CA-34DAA9D9CE12}.Debug|x86.ActiveCfg = Debug|Any CPU
		{74DBE8EE-7A0E-471E-A3CA-34DAA9D9CE12}.Debug|x86.Build.0 = Debug|Any CPU
		{74DBE8EE-7A0E-471E-A3CA-34DAA9D9CE12}.Release|Any CPU.ActiveCfg = Release|Any CPU
		{74DBE8EE-7A0E-471E-A3CA-34DAA9D9CE12}.Release|Any CPU.Build.0 = Release|Any CPU
		{74DBE8EE-7A0E-471E-A3CA-34DAA9D9CE12}.Release|x64.ActiveCfg = Release|Any CPU
		{74DBE8EE-7A0E-471E-A3CA-34DAA9D9CE12}.Release|x64.Build.0 = Release|Any CPU
		{74DBE8EE-7A0E-471E-A3CA-34DAA9D9CE12}.Release|x86.ActiveCfg = Release|Any CPU
		{74DBE8EE-7A0E-471E-A3CA-34DAA9D9CE12}.Release|x86.Build.0 = Release|Any CPU
		{BF4A5315-CC71-4E50-8173-25DA3714E016}.Debug|Any CPU.ActiveCfg = Debug|Any CPU
		{BF4A5315-CC71-4E50-8173-25DA3714E016}.Debug|Any CPU.Build.0 = Debug|Any CPU
		{BF4A5315-CC71-4E50-8173-25DA3714E016}.Debug|x64.ActiveCfg = Debug|Any CPU
		{BF4A5315-CC71-4E50-8173-25DA3714E016}.Debug|x64.Build.0 = Debug|Any CPU
		{BF4A5315-CC71-4E50-8173-25DA3714E016}.Debug|x86.ActiveCfg = Debug|Any CPU
		{BF4A5315-CC71-4E50-8173-25DA3714E016}.Debug|x86.Build.0 = Debug|Any CPU
		{BF4A5315-CC71-4E50-8173-25DA3714E016}.Release|Any CPU.ActiveCfg = Release|Any CPU
		{BF4A5315-CC71-4E50-8173-25DA3714E016}.Release|Any CPU.Build.0 = Release|Any CPU
		{BF4A5315-CC71-4E50-8173-25DA3714E016}.Release|x64.ActiveCfg = Release|Any CPU
		{BF4A5315-CC71-4E50-8173-25DA3714E016}.Release|x64.Build.0 = Release|Any CPU
		{BF4A5315-CC71-4E50-8173-25DA3714E016}.Release|x86.ActiveCfg = Release|Any CPU
		{BF4A5315-CC71-4E50-8173-25DA3714E016}.Release|x86.Build.0 = Release|Any CPU
		{28545D80-851C-4962-95FE-6B60D83ADA3F}.Debug|Any CPU.ActiveCfg = Debug|Any CPU
		{28545D80-851C-4962-95FE-6B60D83ADA3F}.Debug|Any CPU.Build.0 = Debug|Any CPU
		{28545D80-851C-4962-95FE-6B60D83ADA3F}.Debug|x64.ActiveCfg = Debug|Any CPU
		{28545D80-851C-4962-95FE-6B60D83ADA3F}.Debug|x64.Build.0 = Debug|Any CPU
		{28545D80-851C-4962-95FE-6B60D83ADA3F}.Debug|x86.ActiveCfg = Debug|Any CPU
		{28545D80-851C-4962-95FE-6B60D83ADA3F}.Debug|x86.Build.0 = Debug|Any CPU
		{28545D80-851C-4962-95FE-6B60D83ADA3F}.Release|Any CPU.ActiveCfg = Release|Any CPU
		{28545D80-851C-4962-95FE-6B60D83ADA3F}.Release|Any CPU.Build.0 = Release|Any CPU
		{28545D80-851C-4962-95FE-6B60D83ADA3F}.Release|x64.ActiveCfg = Release|Any CPU
		{28545D80-851C-4962-95FE-6B60D83ADA3F}.Release|x64.Build.0 = Release|Any CPU
		{28545D80-851C-4962-95FE-6B60D83ADA3F}.Release|x86.ActiveCfg = Release|Any CPU
		{28545D80-851C-4962-95FE-6B60D83ADA3F}.Release|x86.Build.0 = Release|Any CPU
		{65C3BF5A-F3F2-4A66-8D25-A10FE605232E}.Debug|Any CPU.ActiveCfg = Debug|Any CPU
		{65C3BF5A-F3F2-4A66-8D25-A10FE605232E}.Debug|Any CPU.Build.0 = Debug|Any CPU
		{65C3BF5A-F3F2-4A66-8D25-A10FE605232E}.Debug|x64.ActiveCfg = Debug|Any CPU
		{65C3BF5A-F3F2-4A66-8D25-A10FE605232E}.Debug|x64.Build.0 = Debug|Any CPU
		{65C3BF5A-F3F2-4A66-8D25-A10FE605232E}.Debug|x86.ActiveCfg = Debug|Any CPU
		{65C3BF5A-F3F2-4A66-8D25-A10FE605232E}.Debug|x86.Build.0 = Debug|Any CPU
		{65C3BF5A-F3F2-4A66-8D25-A10FE605232E}.Release|Any CPU.ActiveCfg = Release|Any CPU
		{65C3BF5A-F3F2-4A66-8D25-A10FE605232E}.Release|Any CPU.Build.0 = Release|Any CPU
		{65C3BF5A-F3F2-4A66-8D25-A10FE605232E}.Release|x64.ActiveCfg = Release|Any CPU
		{65C3BF5A-F3F2-4A66-8D25-A10FE605232E}.Release|x64.Build.0 = Release|Any CPU
		{65C3BF5A-F3F2-4A66-8D25-A10FE605232E}.Release|x86.ActiveCfg = Release|Any CPU
		{65C3BF5A-F3F2-4A66-8D25-A10FE605232E}.Release|x86.Build.0 = Release|Any CPU
		{58468625-A5A4-44F3-92FB-C79C708543DE}.Debug|Any CPU.ActiveCfg = Debug|Any CPU
		{58468625-A5A4-44F3-92FB-C79C708543DE}.Debug|Any CPU.Build.0 = Debug|Any CPU
		{58468625-A5A4-44F3-92FB-C79C708543DE}.Debug|x64.ActiveCfg = Debug|Any CPU
		{58468625-A5A4-44F3-92FB-C79C708543DE}.Debug|x64.Build.0 = Debug|Any CPU
		{58468625-A5A4-44F3-92FB-C79C708543DE}.Debug|x86.ActiveCfg = Debug|Any CPU
		{58468625-A5A4-44F3-92FB-C79C708543DE}.Debug|x86.Build.0 = Debug|Any CPU
		{58468625-A5A4-44F3-92FB-C79C708543DE}.Release|Any CPU.ActiveCfg = Release|Any CPU
		{58468625-A5A4-44F3-92FB-C79C708543DE}.Release|Any CPU.Build.0 = Release|Any CPU
		{58468625-A5A4-44F3-92FB-C79C708543DE}.Release|x64.ActiveCfg = Release|Any CPU
		{58468625-A5A4-44F3-92FB-C79C708543DE}.Release|x64.Build.0 = Release|Any CPU
		{58468625-A5A4-44F3-92FB-C79C708543DE}.Release|x86.ActiveCfg = Release|Any CPU
		{58468625-A5A4-44F3-92FB-C79C708543DE}.Release|x86.Build.0 = Release|Any CPU
		{7A23CBF2-85AA-498C-8989-4C37F582F031}.Debug|Any CPU.ActiveCfg = Debug|Any CPU
		{7A23CBF2-85AA-498C-8989-4C37F582F031}.Debug|Any CPU.Build.0 = Debug|Any CPU
		{7A23CBF2-85AA-498C-8989-4C37F582F031}.Debug|x64.ActiveCfg = Debug|Any CPU
		{7A23CBF2-85AA-498C-8989-4C37F582F031}.Debug|x64.Build.0 = Debug|Any CPU
		{7A23CBF2-85AA-498C-8989-4C37F582F031}.Debug|x86.ActiveCfg = Debug|Any CPU
		{7A23CBF2-85AA-498C-8989-4C37F582F031}.Debug|x86.Build.0 = Debug|Any CPU
		{7A23CBF2-85AA-498C-8989-4C37F582F031}.Release|Any CPU.ActiveCfg = Release|Any CPU
		{7A23CBF2-85AA-498C-8989-4C37F582F031}.Release|Any CPU.Build.0 = Release|Any CPU
		{7A23CBF2-85AA-498C-8989-4C37F582F031}.Release|x64.ActiveCfg = Release|Any CPU
		{7A23CBF2-85AA-498C-8989-4C37F582F031}.Release|x64.Build.0 = Release|Any CPU
		{7A23CBF2-85AA-498C-8989-4C37F582F031}.Release|x86.ActiveCfg = Release|Any CPU
		{7A23CBF2-85AA-498C-8989-4C37F582F031}.Release|x86.Build.0 = Release|Any CPU
		{07884E3A-8F63-43DC-B1B8-C23794C794A9}.Debug|Any CPU.ActiveCfg = Debug|Any CPU
		{07884E3A-8F63-43DC-B1B8-C23794C794A9}.Debug|Any CPU.Build.0 = Debug|Any CPU
		{07884E3A-8F63-43DC-B1B8-C23794C794A9}.Debug|x64.ActiveCfg = Debug|Any CPU
		{07884E3A-8F63-43DC-B1B8-C23794C794A9}.Debug|x64.Build.0 = Debug|Any CPU
		{07884E3A-8F63-43DC-B1B8-C23794C794A9}.Debug|x86.ActiveCfg = Debug|Any CPU
		{07884E3A-8F63-43DC-B1B8-C23794C794A9}.Debug|x86.Build.0 = Debug|Any CPU
		{07884E3A-8F63-43DC-B1B8-C23794C794A9}.Release|Any CPU.ActiveCfg = Release|Any CPU
		{07884E3A-8F63-43DC-B1B8-C23794C794A9}.Release|Any CPU.Build.0 = Release|Any CPU
		{07884E3A-8F63-43DC-B1B8-C23794C794A9}.Release|x64.ActiveCfg = Release|Any CPU
		{07884E3A-8F63-43DC-B1B8-C23794C794A9}.Release|x64.Build.0 = Release|Any CPU
		{07884E3A-8F63-43DC-B1B8-C23794C794A9}.Release|x86.ActiveCfg = Release|Any CPU
		{07884E3A-8F63-43DC-B1B8-C23794C794A9}.Release|x86.Build.0 = Release|Any CPU
		{F28ADD32-8C90-42E1-B425-07F0D0238412}.Debug|Any CPU.ActiveCfg = Debug|Any CPU
		{F28ADD32-8C90-42E1-B425-07F0D0238412}.Debug|Any CPU.Build.0 = Debug|Any CPU
		{F28ADD32-8C90-42E1-B425-07F0D0238412}.Debug|x64.ActiveCfg = Debug|Any CPU
		{F28ADD32-8C90-42E1-B425-07F0D0238412}.Debug|x64.Build.0 = Debug|Any CPU
		{F28ADD32-8C90-42E1-B425-07F0D0238412}.Debug|x86.ActiveCfg = Debug|Any CPU
		{F28ADD32-8C90-42E1-B425-07F0D0238412}.Debug|x86.Build.0 = Debug|Any CPU
		{F28ADD32-8C90-42E1-B425-07F0D0238412}.Release|Any CPU.ActiveCfg = Release|Any CPU
		{F28ADD32-8C90-42E1-B425-07F0D0238412}.Release|Any CPU.Build.0 = Release|Any CPU
		{F28ADD32-8C90-42E1-B425-07F0D0238412}.Release|x64.ActiveCfg = Release|Any CPU
		{F28ADD32-8C90-42E1-B425-07F0D0238412}.Release|x64.Build.0 = Release|Any CPU
		{F28ADD32-8C90-42E1-B425-07F0D0238412}.Release|x86.ActiveCfg = Release|Any CPU
		{F28ADD32-8C90-42E1-B425-07F0D0238412}.Release|x86.Build.0 = Release|Any CPU
		{A3CA3815-9365-4277-8472-45CC071FAD5C}.Debug|Any CPU.ActiveCfg = Debug|Any CPU
		{A3CA3815-9365-4277-8472-45CC071FAD5C}.Debug|Any CPU.Build.0 = Debug|Any CPU
		{A3CA3815-9365-4277-8472-45CC071FAD5C}.Debug|x64.ActiveCfg = Debug|Any CPU
		{A3CA3815-9365-4277-8472-45CC071FAD5C}.Debug|x64.Build.0 = Debug|Any CPU
		{A3CA3815-9365-4277-8472-45CC071FAD5C}.Debug|x86.ActiveCfg = Debug|Any CPU
		{A3CA3815-9365-4277-8472-45CC071FAD5C}.Debug|x86.Build.0 = Debug|Any CPU
		{A3CA3815-9365-4277-8472-45CC071FAD5C}.Release|Any CPU.ActiveCfg = Release|Any CPU
		{A3CA3815-9365-4277-8472-45CC071FAD5C}.Release|Any CPU.Build.0 = Release|Any CPU
		{A3CA3815-9365-4277-8472-45CC071FAD5C}.Release|x64.ActiveCfg = Release|Any CPU
		{A3CA3815-9365-4277-8472-45CC071FAD5C}.Release|x64.Build.0 = Release|Any CPU
		{A3CA3815-9365-4277-8472-45CC071FAD5C}.Release|x86.ActiveCfg = Release|Any CPU
		{A3CA3815-9365-4277-8472-45CC071FAD5C}.Release|x86.Build.0 = Release|Any CPU
		{6353B6EE-1963-46DE-8471-BF5DA346C069}.Debug|Any CPU.ActiveCfg = Debug|Any CPU
		{6353B6EE-1963-46DE-8471-BF5DA346C069}.Debug|Any CPU.Build.0 = Debug|Any CPU
		{6353B6EE-1963-46DE-8471-BF5DA346C069}.Debug|x64.ActiveCfg = Debug|Any CPU
		{6353B6EE-1963-46DE-8471-BF5DA346C069}.Debug|x64.Build.0 = Debug|Any CPU
		{6353B6EE-1963-46DE-8471-BF5DA346C069}.Debug|x86.ActiveCfg = Debug|Any CPU
		{6353B6EE-1963-46DE-8471-BF5DA346C069}.Debug|x86.Build.0 = Debug|Any CPU
		{6353B6EE-1963-46DE-8471-BF5DA346C069}.Release|Any CPU.ActiveCfg = Release|Any CPU
		{6353B6EE-1963-46DE-8471-BF5DA346C069}.Release|Any CPU.Build.0 = Release|Any CPU
		{6353B6EE-1963-46DE-8471-BF5DA346C069}.Release|x64.ActiveCfg = Release|Any CPU
		{6353B6EE-1963-46DE-8471-BF5DA346C069}.Release|x64.Build.0 = Release|Any CPU
		{6353B6EE-1963-46DE-8471-BF5DA346C069}.Release|x86.ActiveCfg = Release|Any CPU
		{6353B6EE-1963-46DE-8471-BF5DA346C069}.Release|x86.Build.0 = Release|Any CPU
		{6852E262-C2D5-4353-9A1B-235D30E23A5E}.Debug|Any CPU.ActiveCfg = Debug|Any CPU
		{6852E262-C2D5-4353-9A1B-235D30E23A5E}.Debug|Any CPU.Build.0 = Debug|Any CPU
		{6852E262-C2D5-4353-9A1B-235D30E23A5E}.Debug|x64.ActiveCfg = Debug|Any CPU
		{6852E262-C2D5-4353-9A1B-235D30E23A5E}.Debug|x64.Build.0 = Debug|Any CPU
		{6852E262-C2D5-4353-9A1B-235D30E23A5E}.Debug|x86.ActiveCfg = Debug|Any CPU
		{6852E262-C2D5-4353-9A1B-235D30E23A5E}.Debug|x86.Build.0 = Debug|Any CPU
		{6852E262-C2D5-4353-9A1B-235D30E23A5E}.Release|Any CPU.ActiveCfg = Release|Any CPU
		{6852E262-C2D5-4353-9A1B-235D30E23A5E}.Release|Any CPU.Build.0 = Release|Any CPU
		{6852E262-C2D5-4353-9A1B-235D30E23A5E}.Release|x64.ActiveCfg = Release|Any CPU
		{6852E262-C2D5-4353-9A1B-235D30E23A5E}.Release|x64.Build.0 = Release|Any CPU
		{6852E262-C2D5-4353-9A1B-235D30E23A5E}.Release|x86.ActiveCfg = Release|Any CPU
		{6852E262-C2D5-4353-9A1B-235D30E23A5E}.Release|x86.Build.0 = Release|Any CPU
		{13F40170-BFEB-456C-A698-0AF4BA05AA3C}.Debug|Any CPU.ActiveCfg = Debug|Any CPU
		{13F40170-BFEB-456C-A698-0AF4BA05AA3C}.Debug|Any CPU.Build.0 = Debug|Any CPU
		{13F40170-BFEB-456C-A698-0AF4BA05AA3C}.Debug|x64.ActiveCfg = Debug|Any CPU
		{13F40170-BFEB-456C-A698-0AF4BA05AA3C}.Debug|x64.Build.0 = Debug|Any CPU
		{13F40170-BFEB-456C-A698-0AF4BA05AA3C}.Debug|x86.ActiveCfg = Debug|Any CPU
		{13F40170-BFEB-456C-A698-0AF4BA05AA3C}.Debug|x86.Build.0 = Debug|Any CPU
		{13F40170-BFEB-456C-A698-0AF4BA05AA3C}.Release|Any CPU.ActiveCfg = Release|Any CPU
		{13F40170-BFEB-456C-A698-0AF4BA05AA3C}.Release|Any CPU.Build.0 = Release|Any CPU
		{13F40170-BFEB-456C-A698-0AF4BA05AA3C}.Release|x64.ActiveCfg = Release|Any CPU
		{13F40170-BFEB-456C-A698-0AF4BA05AA3C}.Release|x64.Build.0 = Release|Any CPU
		{13F40170-BFEB-456C-A698-0AF4BA05AA3C}.Release|x86.ActiveCfg = Release|Any CPU
		{13F40170-BFEB-456C-A698-0AF4BA05AA3C}.Release|x86.Build.0 = Release|Any CPU
		{551DA852-56C7-4CC4-86D6-872B168897CD}.Debug|Any CPU.ActiveCfg = Debug|Any CPU
		{551DA852-56C7-4CC4-86D6-872B168897CD}.Debug|Any CPU.Build.0 = Debug|Any CPU
		{551DA852-56C7-4CC4-86D6-872B168897CD}.Debug|x64.ActiveCfg = Debug|Any CPU
		{551DA852-56C7-4CC4-86D6-872B168897CD}.Debug|x64.Build.0 = Debug|Any CPU
		{551DA852-56C7-4CC4-86D6-872B168897CD}.Debug|x86.ActiveCfg = Debug|Any CPU
		{551DA852-56C7-4CC4-86D6-872B168897CD}.Debug|x86.Build.0 = Debug|Any CPU
		{551DA852-56C7-4CC4-86D6-872B168897CD}.Release|Any CPU.ActiveCfg = Release|Any CPU
		{551DA852-56C7-4CC4-86D6-872B168897CD}.Release|Any CPU.Build.0 = Release|Any CPU
		{551DA852-56C7-4CC4-86D6-872B168897CD}.Release|x64.ActiveCfg = Release|Any CPU
		{551DA852-56C7-4CC4-86D6-872B168897CD}.Release|x64.Build.0 = Release|Any CPU
		{551DA852-56C7-4CC4-86D6-872B168897CD}.Release|x86.ActiveCfg = Release|Any CPU
		{551DA852-56C7-4CC4-86D6-872B168897CD}.Release|x86.Build.0 = Release|Any CPU
		{12FA7F5B-0932-474C-9DD9-37BF7217C792}.Debug|Any CPU.ActiveCfg = Debug|Any CPU
		{12FA7F5B-0932-474C-9DD9-37BF7217C792}.Debug|Any CPU.Build.0 = Debug|Any CPU
		{12FA7F5B-0932-474C-9DD9-37BF7217C792}.Debug|x64.ActiveCfg = Debug|Any CPU
		{12FA7F5B-0932-474C-9DD9-37BF7217C792}.Debug|x64.Build.0 = Debug|Any CPU
		{12FA7F5B-0932-474C-9DD9-37BF7217C792}.Debug|x86.ActiveCfg = Debug|Any CPU
		{12FA7F5B-0932-474C-9DD9-37BF7217C792}.Debug|x86.Build.0 = Debug|Any CPU
		{12FA7F5B-0932-474C-9DD9-37BF7217C792}.Release|Any CPU.ActiveCfg = Release|Any CPU
		{12FA7F5B-0932-474C-9DD9-37BF7217C792}.Release|Any CPU.Build.0 = Release|Any CPU
		{12FA7F5B-0932-474C-9DD9-37BF7217C792}.Release|x64.ActiveCfg = Release|Any CPU
		{12FA7F5B-0932-474C-9DD9-37BF7217C792}.Release|x64.Build.0 = Release|Any CPU
		{12FA7F5B-0932-474C-9DD9-37BF7217C792}.Release|x86.ActiveCfg = Release|Any CPU
		{12FA7F5B-0932-474C-9DD9-37BF7217C792}.Release|x86.Build.0 = Release|Any CPU
		{F1C4DAD0-BFD3-4884-A5D2-737B880540C9}.Debug|Any CPU.ActiveCfg = Debug|Any CPU
		{F1C4DAD0-BFD3-4884-A5D2-737B880540C9}.Debug|Any CPU.Build.0 = Debug|Any CPU
		{F1C4DAD0-BFD3-4884-A5D2-737B880540C9}.Debug|x64.ActiveCfg = Debug|Any CPU
		{F1C4DAD0-BFD3-4884-A5D2-737B880540C9}.Debug|x64.Build.0 = Debug|Any CPU
		{F1C4DAD0-BFD3-4884-A5D2-737B880540C9}.Debug|x86.ActiveCfg = Debug|Any CPU
		{F1C4DAD0-BFD3-4884-A5D2-737B880540C9}.Debug|x86.Build.0 = Debug|Any CPU
		{F1C4DAD0-BFD3-4884-A5D2-737B880540C9}.Release|Any CPU.ActiveCfg = Release|Any CPU
		{F1C4DAD0-BFD3-4884-A5D2-737B880540C9}.Release|Any CPU.Build.0 = Release|Any CPU
		{F1C4DAD0-BFD3-4884-A5D2-737B880540C9}.Release|x64.ActiveCfg = Release|Any CPU
		{F1C4DAD0-BFD3-4884-A5D2-737B880540C9}.Release|x64.Build.0 = Release|Any CPU
		{F1C4DAD0-BFD3-4884-A5D2-737B880540C9}.Release|x86.ActiveCfg = Release|Any CPU
		{F1C4DAD0-BFD3-4884-A5D2-737B880540C9}.Release|x86.Build.0 = Release|Any CPU
	EndGlobalSection
	GlobalSection(SolutionProperties) = preSolution
		HideSolutionNode = FALSE
	EndGlobalSection
EndGlobal
