
Microsoft Visual Studio Solution File, Format Version 12.00
# Visual Studio Version 16
VisualStudioVersion = 16.0.30114.105
MinimumVisualStudioVersion = 10.0.40219.1
Project("{FAE04EC0-301F-11D3-BF4B-00C04F79EFBC}") = "R5T.D0084.I0001.Construction", "R5T.D0084.I0001.Construction\R5T.D0084.I0001.Construction.csproj", "{A5411AB6-939A-4564-B674-758365F30A8C}"
EndProject
Project("{FAE04EC0-301F-11D3-BF4B-00C04F79EFBC}") = "R5T.D0084.I0001", "R5T.D0084.I0001\R5T.D0084.I0001.csproj", "{78A4BCD2-2FFF-407A-8B9E-B69A259F0392}"
EndProject
Project("{2150E333-8FDC-42A3-9474-1A3956D46DE8}") = "_Dependencies", "_Dependencies", "{E5FF98F3-0DD3-4160-B733-DCA08589DBC3}"
EndProject
Project("{FAE04EC0-301F-11D3-BF4B-00C04F79EFBC}") = "R5T.T0064", "..\..\R5T.T0064\source\R5T.T0064\R5T.T0064.csproj", "{3948BE68-7C11-4D2B-81A5-BC243DB8DF68}"
EndProject
Global
	GlobalSection(SolutionConfigurationPlatforms) = preSolution
		Debug|Any CPU = Debug|Any CPU
		Debug|x64 = Debug|x64
		Debug|x86 = Debug|x86
		Release|Any CPU = Release|Any CPU
		Release|x64 = Release|x64
		Release|x86 = Release|x86
	EndGlobalSection
	GlobalSection(SolutionProperties) = preSolution
		HideSolutionNode = FALSE
	EndGlobalSection
	GlobalSection(ProjectConfigurationPlatforms) = postSolution
		{A5411AB6-939A-4564-B674-758365F30A8C}.Debug|Any CPU.ActiveCfg = Debug|Any CPU
		{A5411AB6-939A-4564-B674-758365F30A8C}.Debug|Any CPU.Build.0 = Debug|Any CPU
		{A5411AB6-939A-4564-B674-758365F30A8C}.Debug|x64.ActiveCfg = Debug|Any CPU
		{A5411AB6-939A-4564-B674-758365F30A8C}.Debug|x64.Build.0 = Debug|Any CPU
		{A5411AB6-939A-4564-B674-758365F30A8C}.Debug|x86.ActiveCfg = Debug|Any CPU
		{A5411AB6-939A-4564-B674-758365F30A8C}.Debug|x86.Build.0 = Debug|Any CPU
		{A5411AB6-939A-4564-B674-758365F30A8C}.Release|Any CPU.ActiveCfg = Release|Any CPU
		{A5411AB6-939A-4564-B674-758365F30A8C}.Release|Any CPU.Build.0 = Release|Any CPU
		{A5411AB6-939A-4564-B674-758365F30A8C}.Release|x64.ActiveCfg = Release|Any CPU
		{A5411AB6-939A-4564-B674-758365F30A8C}.Release|x64.Build.0 = Release|Any CPU
		{A5411AB6-939A-4564-B674-758365F30A8C}.Release|x86.ActiveCfg = Release|Any CPU
		{A5411AB6-939A-4564-B674-758365F30A8C}.Release|x86.Build.0 = Release|Any CPU
		{78A4BCD2-2FFF-407A-8B9E-B69A259F0392}.Debug|Any CPU.ActiveCfg = Debug|Any CPU
		{78A4BCD2-2FFF-407A-8B9E-B69A259F0392}.Debug|Any CPU.Build.0 = Debug|Any CPU
		{78A4BCD2-2FFF-407A-8B9E-B69A259F0392}.Debug|x64.ActiveCfg = Debug|Any CPU
		{78A4BCD2-2FFF-407A-8B9E-B69A259F0392}.Debug|x64.Build.0 = Debug|Any CPU
		{78A4BCD2-2FFF-407A-8B9E-B69A259F0392}.Debug|x86.ActiveCfg = Debug|Any CPU
		{78A4BCD2-2FFF-407A-8B9E-B69A259F0392}.Debug|x86.Build.0 = Debug|Any CPU
		{78A4BCD2-2FFF-407A-8B9E-B69A259F0392}.Release|Any CPU.ActiveCfg = Release|Any CPU
		{78A4BCD2-2FFF-407A-8B9E-B69A259F0392}.Release|Any CPU.Build.0 = Release|Any CPU
		{78A4BCD2-2FFF-407A-8B9E-B69A259F0392}.Release|x64.ActiveCfg = Release|Any CPU
		{78A4BCD2-2FFF-407A-8B9E-B69A259F0392}.Release|x64.Build.0 = Release|Any CPU
		{78A4BCD2-2FFF-407A-8B9E-B69A259F0392}.Release|x86.ActiveCfg = Release|Any CPU
		{78A4BCD2-2FFF-407A-8B9E-B69A259F0392}.Release|x86.Build.0 = Release|Any CPU
		{3948BE68-7C11-4D2B-81A5-BC243DB8DF68}.Debug|Any CPU.ActiveCfg = Debug|Any CPU
		{3948BE68-7C11-4D2B-81A5-BC243DB8DF68}.Debug|Any CPU.Build.0 = Debug|Any CPU
		{3948BE68-7C11-4D2B-81A5-BC243DB8DF68}.Debug|x64.ActiveCfg = Debug|Any CPU
		{3948BE68-7C11-4D2B-81A5-BC243DB8DF68}.Debug|x64.Build.0 = Debug|Any CPU
		{3948BE68-7C11-4D2B-81A5-BC243DB8DF68}.Debug|x86.ActiveCfg = Debug|Any CPU
		{3948BE68-7C11-4D2B-81A5-BC243DB8DF68}.Debug|x86.Build.0 = Debug|Any CPU
		{3948BE68-7C11-4D2B-81A5-BC243DB8DF68}.Release|Any CPU.ActiveCfg = Release|Any CPU
		{3948BE68-7C11-4D2B-81A5-BC243DB8DF68}.Release|Any CPU.Build.0 = Release|Any CPU
		{3948BE68-7C11-4D2B-81A5-BC243DB8DF68}.Release|x64.ActiveCfg = Release|Any CPU
		{3948BE68-7C11-4D2B-81A5-BC243DB8DF68}.Release|x64.Build.0 = Release|Any CPU
		{3948BE68-7C11-4D2B-81A5-BC243DB8DF68}.Release|x86.ActiveCfg = Release|Any CPU
		{3948BE68-7C11-4D2B-81A5-BC243DB8DF68}.Release|x86.Build.0 = Release|Any CPU
	EndGlobalSection
	GlobalSection(NestedProjects) = preSolution
		{3948BE68-7C11-4D2B-81A5-BC243DB8DF68} = {E5FF98F3-0DD3-4160-B733-DCA08589DBC3}
	EndGlobalSection
EndGlobal
